{
  "requires": true,
  "lockfileVersion": 1,
  "dependencies": {
    "macro-css": {
      "version": "1.0.5",
      "resolved": "https://registry.npmjs.org/macro-css/-/macro-css-1.0.5.tgz",
      "integrity": "sha512-2DctzCqUhoKRDwLxPYHHak6KHIB7pWgeWbtsPF+TJUYlrWtE1+/J1//Jrrim3UL5aeaZpOQ0V57THmIwHrtbkg=="
    }
  }
}
